# This file is generated by running "yarn install" inside your project.
# Manual changes might be lost - proceed with caution!

__metadata:
  version: 6
  cacheKey: 8

"@esm-checker/checker-darwin-arm64@npm:0.1.0":
  version: 0.1.0
  resolution: "@esm-checker/checker-darwin-arm64@npm:0.1.0"
  conditions: os=darwin & cpu=arm64
  languageName: node
  linkType: hard

"@esm-checker/checker-darwin-x64@npm:0.1.0":
  version: 0.1.0
  resolution: "@esm-checker/checker-darwin-x64@npm:0.1.0"
  conditions: os=darwin & cpu=x64
  languageName: node
  linkType: hard

"@esm-checker/checker-linux-x64-gnu@npm:0.1.0":
  version: 0.1.0
  resolution: "@esm-checker/checker-linux-x64-gnu@npm:0.1.0"
  conditions: os=linux & cpu=x64 & libc=glibc
  languageName: node
  linkType: hard

"@esm-checker/checker-win32-x64-msvc@npm:0.1.0":
  version: 0.1.0
  resolution: "@esm-checker/checker-win32-x64-msvc@npm:0.1.0"
  conditions: os=win32 & cpu=x64
  languageName: node
  linkType: hard

"@esm-checker/checker@workspace:.":
  version: 0.0.0-use.local
  resolution: "@esm-checker/checker@workspace:."
  dependencies:
    "@esm-checker/checker-darwin-arm64": 0.1.0
    "@esm-checker/checker-darwin-x64": 0.1.0
    "@esm-checker/checker-linux-x64-gnu": 0.1.0
    "@esm-checker/checker-win32-x64-msvc": 0.1.0
    "@napi-rs/cli": ^2.16.17
  dependenciesMeta:
    "@esm-checker/checker-darwin-arm64":
      optional: true
    "@esm-checker/checker-darwin-x64":
      optional: true
    "@esm-checker/checker-linux-x64-gnu":
      optional: true
    "@esm-checker/checker-win32-x64-msvc":
      optional: true
  bin:
    checker: ./bin.js
  languageName: unknown
  linkType: soft

"@napi-rs/cli@npm:^2.16.17":
  version: 2.18.4
  resolution: "@napi-rs/cli@npm:2.18.4"
  bin:
    napi: scripts/index.js
  checksum: f243e5c822a4a9103fba49193eda2023cb08c1ef9c0b521d8a0ece860ef13f9f2b4d5ac106c3d9e5792d22ed2196213e336cf59d9c2ee81241ac4b4b8ca6ea30
  languageName: node
  linkType: hard
